<Solution>
  <Folder Name="/src/">
    <Project Path="src/Strata.App/Strata.App.csproj" />
    <Project Path="src/Strata.Core/Strata.Core.csproj" />
    <Project Path="src/Strata.Infrastructure/Strata.Infrastructure.csproj" />
  </Folder>
  <Folder Name="/tests/">
    <Project Path="tests/Strata.App.Tests/Strata.App.Tests.csproj" />
    <Project Path="tests/Strata.FormatConformance/Strata.FormatConformance.csproj" />
  </Folder>
</Solution>
